
Microsoft Visual Studio Solution File, Format Version 12.00
# Visual Studio Version 17
VisualStudioVersion = 17.0.31903.59
MinimumVisualStudioVersion = 10.0.40219.1
Project("{2150E333-8FDC-42A3-9474-1A3956D46DE8}") = "AdventOfCode", "AdventOfCode", "{F5A91B28-98C0-4B97-B8F8-1B85767746B0}"
EndProject
Project("{FAE04EC0-301F-11D3-BF4B-00C04F79EFBC}") = "AdventOfCode", "AdventOfCode\AdventOfCode.csproj", "{8F402D5A-362C-4177-980F-0370AE9663D7}"
EndProject
Project("{2150E333-8FDC-42A3-9474-1A3956D46DE8}") = "Tests", "Tests", "{5BAB243E-9E4D-403C-AB06-B0B50E8459BF}"
EndProject
Project("{FAE04EC0-301F-11D3-BF4B-00C04F79EFBC}") = "AdventOfCode.Tests", "AdventOfCode.Tests\AdventOfCode.Tests.csproj", "{0A0EAF45-6414-4CD3-8095-0C78B4D20CC9}"
EndProject
Project("{FAE04EC0-301F-11D3-BF4B-00C04F79EFBC}") = "AdventOfCode.Program", "AdventOfCode.Program\AdventOfCode.Program.csproj", "{B1B87CFC-13F7-4A07-B4AE-CDC415990A36}"
EndProject
Global
	GlobalSection(SolutionConfigurationPlatforms) = preSolution
		Debug|Any CPU = Debug|Any CPU
		Release|Any CPU = Release|Any CPU
	EndGlobalSection
	GlobalSection(SolutionProperties) = preSolution
		HideSolutionNode = FALSE
	EndGlobalSection
	GlobalSection(ProjectConfigurationPlatforms) = postSolution
		{8F402D5A-362C-4177-980F-0370AE9663D7}.Debug|Any CPU.ActiveCfg = Debug|Any CPU
		{8F402D5A-362C-4177-980F-0370AE9663D7}.Debug|Any CPU.Build.0 = Debug|Any CPU
		{8F402D5A-362C-4177-980F-0370AE9663D7}.Release|Any CPU.ActiveCfg = Release|Any CPU
		{8F402D5A-362C-4177-980F-0370AE9663D7}.Release|Any CPU.Build.0 = Release|Any CPU
		{0A0EAF45-6414-4CD3-8095-0C78B4D20CC9}.Debug|Any CPU.ActiveCfg = Debug|Any CPU
		{0A0EAF45-6414-4CD3-8095-0C78B4D20CC9}.Debug|Any CPU.Build.0 = Debug|Any CPU
		{0A0EAF45-6414-4CD3-8095-0C78B4D20CC9}.Release|Any CPU.ActiveCfg = Release|Any CPU
		{0A0EAF45-6414-4CD3-8095-0C78B4D20CC9}.Release|Any CPU.Build.0 = Release|Any CPU
		{B1B87CFC-13F7-4A07-B4AE-CDC415990A36}.Debug|Any CPU.ActiveCfg = Debug|Any CPU
		{B1B87CFC-13F7-4A07-B4AE-CDC415990A36}.Debug|Any CPU.Build.0 = Debug|Any CPU
		{B1B87CFC-13F7-4A07-B4AE-CDC415990A36}.Release|Any CPU.ActiveCfg = Release|Any CPU
		{B1B87CFC-13F7-4A07-B4AE-CDC415990A36}.Release|Any CPU.Build.0 = Release|Any CPU
	EndGlobalSection
	GlobalSection(NestedProjects) = preSolution
		{8F402D5A-362C-4177-980F-0370AE9663D7} = {F5A91B28-98C0-4B97-B8F8-1B85767746B0}
		{0A0EAF45-6414-4CD3-8095-0C78B4D20CC9} = {5BAB243E-9E4D-403C-AB06-B0B50E8459BF}
	EndGlobalSection
EndGlobal
